
Microsoft Visual Studio Solution File, Format Version 12.00
# Visual Studio 15
VisualStudioVersion = 15.0.28307.1831
MinimumVisualStudioVersion = 10.0.40219.1
Project("{FAE04EC0-301F-11D3-BF4B-00C04F79EFBC}") = "Miapo-Lab4", "Miapo-Lab4\Miapo-Lab4.csproj", "{698556B9-0D36-4543-8D66-71BA395ED959}"
EndProject
Global
	GlobalSection(SolutionConfigurationPlatforms) = preSolution
		Debug|Any CPU = Debug|Any CPU
		Release|Any CPU = Release|Any CPU
	EndGlobalSection
	GlobalSection(ProjectConfigurationPlatforms) = postSolution
		{698556B9-0D36-4543-8D66-71BA395ED959}.Debug|Any CPU.ActiveCfg = Debug|Any CPU
		{698556B9-0D36-4543-8D66-71BA395ED959}.Debug|Any CPU.Build.0 = Debug|Any CPU
		{698556B9-0D36-4543-8D66-71BA395ED959}.Release|Any CPU.ActiveCfg = Release|Any CPU
		{698556B9-0D36-4543-8D66-71BA395ED959}.Release|Any CPU.Build.0 = Release|Any CPU
	EndGlobalSection
	GlobalSection(SolutionProperties) = preSolution
		HideSolutionNode = FALSE
	EndGlobalSection
	GlobalSection(ExtensibilityGlobals) = postSolution
		SolutionGuid = {A5F92CA9-AD36-47E7-9A3B-33E6E45BB0AA}
	EndGlobalSection
EndGlobal
